// !$*UTF8*$!
{
	archiveVersion = 1;
	classes = {
	};
	objectVersion = 46;
	objects = {

/* Begin PBXBuildFile section */
		B46BC1AC1E0ADC4A004B89F4 /* AppDelegate.swift in Sources */ = {isa = PBXBuildFile; fileRef = B46BC1AB1E0ADC4A004B89F4 /* AppDelegate.swift */; };
		B46BC1AE1E0ADC4A004B89F4 /* ViewController.swift in Sources */ = {isa = PBXBuildFile; fileRef = B46BC1AD1E0ADC4A004B89F4 /* ViewController.swift */; };
		B46BC1B11E0ADC4A004B89F4 /* Main.storyboard in Resources */ = {isa = PBXBuildFile; fileRef = B46BC1AF1E0ADC4A004B89F4 /* Main.storyboard */; };
		B46BC1B31E0ADC4A004B89F4 /* Assets.xcassets in Resources */ = {isa = PBXBuildFile; fileRef = B46BC1B21E0ADC4A004B89F4 /* Assets.xcassets */; };
		B46BC1B61E0ADC4A004B89F4 /* LaunchScreen.storyboard in Resources */ = {isa = PBXBuildFile; fileRef = B46BC1B41E0ADC4A004B89F4 /* LaunchScreen.storyboard */; };
/* End PBXBuildFile section */

/* Begin PBXFileReference section */
		B46BC1A81E0ADC4A004B89F4 /* VFL.app */ = {isa = PBXFileReference; explicitFileType = wrapper.application; includeInIndex = 0; path = VFL.app; sourceTree = BUILT_PRODUCTS_DIR; };
		B46BC1AB1E0ADC4A004B89F4 /* AppDelegate.swift */ = {isa = PBXFileReference; lastKnownFileType = sourcecode.swift; path = AppDelegate.swift; sourceTree = "<group>"; };
		B46BC1AD1E0ADC4A004B89F4 /* ViewController.swift */ = {isa = PBXFileReference; lastKnownFileType = sourcecode.swift; path = ViewController.swift; sourceTree = "<group>"; };
		B46BC1B01E0ADC4A004B89F4 /* Base */ = {isa = PBXFileReference; lastKnownFileType = file.storyboard; name = Base; path = Base.lproj/Main.storyboard; sourceTree = "<group>"; };
		B46BC1B21E0ADC4A004B89F4 /* Assets.xcassets */ = {isa = PBXFileReference; lastKnownFileType = folder.assetcatalog; path = Assets.xcassets; sourceTree = "<group>"; };
		B46BC1B51E0ADC4A004B89F4 /* Base */ = {isa = PBXFileReference; lastKnownFileType = file.storyboard; name = Base; path = Base.lproj/LaunchScreen.storyboard; sourceTree = "<group>"; };
		B46BC1B71E0ADC4A004B89F4 /* Info.plist */ = {isa = PBXFileReference; lastKnownFileType = text.plist.xml; path = Info.plist; sourceTree = "<group>"; };
/* End PBXFileReference section */

/* Begin PBXFrameworksBuildPhase section */
		B46BC1A51E0ADC4A004B89F4 /* Frameworks */ = {
			isa = PBXFrameworksBuildPhase;
			buildActionMask = 2147483647;
			files = (
			);
			runOnlyForDeploymentPostprocessing = 0;
		};
/* End PBXFrameworksBuildPhase section */

/* Begin PBXGroup section */
		B46BC19F1E0ADC4A004B89F4 = {
			isa = PBXGroup;
			children = (
				B46BC1AA1E0ADC4A004B89F4 /* VFL */,
				B46BC1A91E0ADC4A004B89F4 /* Products */,
			);
			sourceTree = "<group>";
		};
		B46BC1A91E0ADC4A004B89F4 /* Products */ = {
			isa = PBXGroup;
			children = (
				B46BC1A81E0ADC4A004B89F4 /* VFL.app */,
			);
			name = Products;
			sourceTree = "<group>";
		};
		B46BC1AA1E0ADC4A004B89F4 /* VFL */ = {
			isa = PBXGroup;
			children = (
				B46BC1AB1E0ADC4A004B89F4 /* AppDelegate.swift */,
				B46BC1AD1E0ADC4A004B89F4 /* ViewController.swift */,
				B46BC1AF1E0ADC4A004B89F4 /* Main.storyboard */,
				B46BC1B21E0ADC4A004B89F4 /* Assets.xcassets */,
				B46BC1B41E0ADC4A004B89F4 /* LaunchScreen.storyboard */,
				B46BC1B71E0ADC4A004B89F4 /* Info.plist */,
			);
			path = VFL;
			sourceTree = "<group>";
		};
/* End PBXGroup section */

/* Begin PBXNativeTarget section */
		B46BC1A71E0ADC4A004B89F4 /* VFL */ = {
			isa = PBXNativeTarget;
			buildConfigurationList = B46BC1BA1E0ADC4A004B89F4 /* Build configuration list for PBXNativeTarget "VFL" */;
			buildPhases = (
				B46BC1A41E0ADC4A004B89F4 /* Sources */,
				B46BC1A51E0ADC4A004B89F4 /* Frameworks */,
				B46BC1A61E0ADC4A004B89F4 /* Resources */,
			);
			buildRules = (
			);
			dependencies = (
			);
			name = VFL;
			productName = VFL;
			productReference = B46BC1A81E0ADC4A004B89F4 /* VFL.app */;
			productType = "com.apple.product-type.application";
		};
/* End PBXNativeTarget section */

/* Begin PBXProject section */
		B46BC1A01E0ADC4A004B89F4 /* Project object */ = {
			isa = PBXProject;
			attributes = {
				LastSwiftUpdateCheck = 0820;
				LastUpgradeCheck = 0930;
				ORGANIZATIONNAME = "Ray Wenderlich";
				TargetAttributes = {
					B46BC1A71E0ADC4A004B89F4 = {
						CreatedOnToolsVersion = 8.2.1;
						DevelopmentTeam = 4AQJ37X836;
						LastSwiftMigration = "";
						ProvisioningStyle = Automatic;
					};
				};
			};
			buildConfigurationList = B46BC1A31E0ADC4A004B89F4 /* Build configuration list for PBXProject "VFL" */;
			compatibilityVersion = "Xcode 3.2";
			developmentRegion = English;
			hasScannedForEncodings = 0;
			knownRegions = (
				en,
				Base,
			);
			mainGroup = B46BC19F1E0ADC4A004B89F4;
			productRefGroup = B46BC1A91E0ADC4A004B89F4 /* Products */;
			projectDirPath = "";
			projectRoot = "";
			targets = (
				B46BC1A71E0ADC4A004B89F4 /* VFL */,
			);
		};
/* End PBXProject section */

/* Begin PBXResourcesBuildPhase section */
		B46BC1A61E0ADC4A004B89F4 /* Resources */ = {
			isa = PBXResourcesBuildPhase;
			buildActionMask = 2147483647;
			files = (
				B46BC1B61E0ADC4A004B89F4 /* LaunchScreen.storyboard in Resources */,
				B46BC1B31E0ADC4A004B89F4 /* Assets.xcassets in Resources */,
				B46BC1B11E0ADC4A004B89F4 /* Main.storyboard in Resources */,
			);
			runOnlyForDeploymentPostprocessing = 0;
		};
/* End PBXResourcesBuildPhase section */

/* Begin PBXSourcesBuildPhase section */
		B46BC1A41E0ADC4A004B89F4 /* Sources */ = {
			isa = PBXSourcesBuildPhase;
			buildActionMask = 2147483647;
			files = (
				B46BC1AE1E0ADC4A004B89F4 /* ViewController.swift in Sources */,
				B46BC1AC1E0ADC4A004B89F4 /* AppDelegate.swift in Sources */,
			);
			runOnlyForDeploymentPostprocessing = 0;
		};
/* End PBXSourcesBuildPhase section */

/* Begin PBXVariantGroup section */
		B46BC1AF1E0ADC4A004B89F4 /* Main.storyboard */ = {
			isa = PBXVariantGroup;
			children = (
				B46BC1B01E0ADC4A004B89F4 /* Base */,
			);
			name = Main.storyboard;
			sourceTree = "<group>";
		};
		B46BC1B41E0ADC4A004B89F4 /* LaunchScreen.storyboard */ = {
			isa = PBXVariantGroup;
			children = (
				B46BC1B51E0ADC4A004B89F4 /* Base */,
			);
			name = LaunchScreen.storyboard;
			sourceTree = "<group>";
		};
/* End PBXVariantGroup section */

/* Begin XCBuildConfiguration section */
		B46BC1B81E0ADC4A004B89F4 /* Debug */ = {
			isa = XCBuildConfiguration;
			buildSettings = {
				ALWAYS_SEARCH_USER_PATHS = NO;
				CLANG_ANALYZER_NONNULL = YES;
				CLANG_CXX_LANGUAGE_STANDARD = "gnu++0x";
				CLANG_CXX_LIBRARY = "libc++";
				CLANG_ENABLE_MODULES = YES;
				CLANG_ENABLE_OBJC_ARC = YES;
				CLANG_WARN_BLOCK_CAPTURE_AUTORELEASING = YES;
				CLANG_WARN_BOOL_CONVERSION = YES;
				CLANG_WARN_COMMA = YES;
				CLANG_WARN_CONSTANT_CONVERSION = YES;
				CLANG_WARN_DEPRECATED_OBJC_IMPLEMENTATIONS = YES;
				CLANG_WARN_DIRECT_OBJC_ISA_USAGE = YES_ERROR;
				CLANG_WARN_DOCUMENTATION_COMMENTS = YES;
				CLANG_WARN_EMPTY_BODY = YES;
				CLANG_WARN_ENUM_CONVERSION = YES;
				CLANG_WARN_INFINITE_RECURSION = YES;
				CLANG_WARN_INT_CONVERSION = YES;
				CLANG_WARN_NON_LITERAL_NULL_CONVERSION = YES;
				CLANG_WARN_OBJC_IMPLICIT_RETAIN_SELF = YES;
				CLANG_WARN_OBJC_LITERAL_CONVERSION = YES;
				CLANG_WARN_OBJC_ROOT_CLASS = YES_ERROR;
				CLANG_WARN_RANGE_LOOP_ANALYSIS = YES;
				CLANG_WARN_STRICT_PROTOTYPES = YES;
				CLANG_WARN_SUSPICIOUS_MOVE = YES;
				CLANG_WARN_UNREACHABLE_CODE = YES;
				CLANG_WARN__DUPLICATE_METHOD_MATCH = YES;
				"CODE_SIGN_IDENTITY[sdk=iphoneos*]" = "iPhone Developer";
				COPY_PHASE_STRIP = NO;
				DEBUG_INFORMATION_FORMAT = dwarf;
				ENABLE_STRICT_OBJC_MSGSEND = YES;
				ENABLE_TESTABILITY = YES;
				GCC_C_LANGUAGE_STANDARD = gnu99;
				GCC_DYNAMIC_NO_PIC = NO;
				GCC_NO_COMMON_BLOCKS = YES;
				GCC_OPTIMIZATION_LEVEL = 0;
				GCC_PREPROCESSOR_DEFINITIONS = (
					"DEBUG=1",
					"$(inherited)",
				);
				GCC_WARN_64_TO_32_BIT_CONVERSION = YES;
				GCC_WARN_ABOUT_RETURN_TYPE = YES_ERROR;
				GCC_WARN_UNDECLARED_SELECTOR = YES;
				GCC_WARN_UNINITIALIZED_AUTOS = YES_AGGRESSIVE;
				GCC_WARN_UNUSED_FUNCTION = YES;
				GCC_WARN_UNUSED_VARIABLE = YES;
				IPHONEOS_DEPLOYMENT_TARGET = 10.2;
				MTL_ENABLE_DEBUG_INFO = YES;
				ONLY_ACTIVE_ARCH = YES;
				SDKROOT = iphoneos;
				SWIFT_ACTIVE_COMPILATION_CONDITIONS = DEBUG;
				SWIFT_OPTIMIZATION_LEVEL = "-Onone";
				TARGETED_DEVICE_FAMILY = "1,2";
			};
			name = Debug;
		};
		B46BC1B91E0ADC4A004B89F4 /* Release */ = {
			isa = XCBuildConfiguration;
			buildSettings = {
				ALWAYS_SEARCH_USER_PATHS = NO;
				CLANG_ANALYZER_NONNULL = YES;
				CLANG_CXX_LANGUAGE_STANDARD = "gnu++0x";
				CLANG_CXX_LIBRARY = "libc++";
				CLANG_ENABLE_MODULES = YES;
				CLANG_ENABLE_OBJC_ARC = YES;
				CLANG_WARN_BLOCK_CAPTURE_AUTORELEASING = YES;
				CLANG_WARN_BOOL_CONVERSION = YES;
				CLANG_WARN_COMMA = YES;
				CLANG_WARN_CONSTANT_CONVERSION = YES;
				CLANG_WARN_DEPRECATED_OBJC_IMPLEMENTATIONS = YES;
				CLANG_WARN_DIRECT_OBJC_ISA_USAGE = YES_ERROR;
				CLANG_WARN_DOCUMENTATION_COMMENTS = YES;
				CLANG_WARN_EMPTY_BODY = YES;
				CLANG_WARN_ENUM_CONVERSION = YES;
				CLANG_WARN_INFINITE_RECURSION = YES;
				CLANG_WARN_INT_CONVERSION = YES;
				CLANG_WARN_NON_LITERAL_NULL_CONVERSION = YES;
				CLANG_WARN_OBJC_IMPLICIT_RETAIN_SELF = YES;
				CLANG_WARN_OBJC_LITERAL_CONVERSION = YES;
				CLANG_WARN_OBJC_ROOT_CLASS = YES_ERROR;
				CLANG_WARN_RANGE_LOOP_ANALYSIS = YES;
				CLANG_WARN_STRICT_PROTOTYPES = YES;
				CLANG_WARN_SUSPICIOUS_MOVE = YES;
				CLANG_WARN_UNREACHABLE_CODE = YES;
				CLANG_WARN__DUPLICATE_METHOD_MATCH = YES;
				"CODE_SIGN_IDENTITY[sdk=iphoneos*]" = "iPhone Developer";
				COPY_PHASE_STRIP = NO;
				DEBUG_INFORMATION_FORMAT = "dwarf-with-dsym";
				ENABLE_NS_ASSERTIONS = NO;
				ENABLE_STRICT_OBJC_MSGSEND = YES;
				GCC_C_LANGUAGE_STANDARD = gnu99;
				GCC_NO_COMMON_BLOCKS = YES;
				GCC_WARN_64_TO_32_BIT_CONVERSION = YES;
				GCC_WARN_ABOUT_RETURN_TYPE = YES_ERROR;
				GCC_WARN_UNDECLARED_SELECTOR = YES;
				GCC_WARN_UNINITIALIZED_AUTOS = YES_AGGRESSIVE;
				GCC_WARN_UNUSED_FUNCTION = YES;
				GCC_WARN_UNUSED_VARIABLE = YES;
				IPHONEOS_DEPLOYMENT_TARGET = 10.2;
				MTL_ENABLE_DEBUG_INFO = NO;
				SDKROOT = iphoneos;
				SWIFT_OPTIMIZATION_LEVEL = "-Owholemodule";
				TARGETED_DEVICE_FAMILY = "1,2";
				VALIDATE_PRODUCT = YES;
			};
			name = Release;
		};
		B46BC1BB1E0ADC4A004B89F4 /* Debug */ = {
			isa = XCBuildConfiguration;
			buildSettings = {
				ASSETCATALOG_COMPILER_APPICON_NAME = AppIcon;
				DEVELOPMENT_TEAM = 4AQJ37X836;
				INFOPLIST_FILE = VFL/Info.plist;
				LD_RUNPATH_SEARCH_PATHS = "$(inherited) @executable_path/Frameworks";
				PRODUCT_BUNDLE_IDENTIFIER = com.razeware.VFL;
				PRODUCT_NAME = "$(TARGET_NAME)";
				SWIFT_VERSION = 4.2;
			};
			name = Debug;
		};
		B46BC1BC1E0ADC4A004B89F4 /* Release */ = {
			isa = XCBuildConfiguration;
			buildSettings = {
				ASSETCATALOG_COMPILER_APPICON_NAME = AppIcon;
				DEVELOPMENT_TEAM = 4AQJ37X836;
				INFOPLIST_FILE = VFL/Info.plist;
				LD_RUNPATH_SEARCH_PATHS = "$(inherited) @executable_path/Frameworks";
				PRODUCT_BUNDLE_IDENTIFIER = com.razeware.VFL;
				PRODUCT_NAME = "$(TARGET_NAME)";
				SWIFT_VERSION = 4.2;
			};
			name = Release;
		};
/* End XCBuildConfiguration section */

/* Begin XCConfigurationList section */
		B46BC1A31E0ADC4A004B89F4 /* Build configuration list for PBXProject "VFL" */ = {
			isa = XCConfigurationList;
			buildConfigurations = (
				B46BC1B81E0ADC4A004B89F4 /* Debug */,
				B46BC1B91E0ADC4A004B89F4 /* Release */,
			);
			defaultConfigurationIsVisible = 0;
			defaultConfigurationName = Release;
		};
		B46BC1BA1E0ADC4A004B89F4 /* Build configuration list for PBXNativeTarget "VFL" */ = {
			isa = XCConfigurationList;
			buildConfigurations = (
				B46BC1BB1E0ADC4A004B89F4 /* Debug */,
				B46BC1BC1E0ADC4A004B89F4 /* Release */,
			);
			defaultConfigurationIsVisible = 0;
			defaultConfigurationName = Release;
		};
/* End XCConfigurationList section */
	};
	rootObject = B46BC1A01E0ADC4A004B89F4 /* Project object */;
}
