// !$*UTF8*$!
{
	archiveVersion = 1;
	classes = {
	};
	objectVersion = 46;
	objects = {

/* Begin PBXBuildFile section */
		78FF79D51A5B0A8E009537EC /* AppDelegate.swift in Sources */ = {isa = PBXBuildFile; fileRef = 78FF79D41A5B0A8E009537EC /* AppDelegate.swift */; };
		78FF79D71A5B0A8E009537EC /* ViewController.swift in Sources */ = {isa = PBXBuildFile; fileRef = 78FF79D61A5B0A8E009537EC /* ViewController.swift */; };
		78FF79DF1A5B0A8E009537EC /* LaunchScreen.xib in Resources */ = {isa = PBXBuildFile; fileRef = 78FF79DD1A5B0A8E009537EC /* LaunchScreen.xib */; };
		78FF79F51A5B0BA7009537EC /* Images.xcassets in Resources */ = {isa = PBXBuildFile; fileRef = 78FF79F41A5B0BA7009537EC /* Images.xcassets */; };
		78FF79F71A5B0BD9009537EC /* CircleImageView.swift in Sources */ = {isa = PBXBuildFile; fileRef = 78FF79F61A5B0BD9009537EC /* CircleImageView.swift */; };
		D31AD03C1F69A85D00F97B70 /* Main.storyboard in Resources */ = {isa = PBXBuildFile; fileRef = D34ADC761F69A6A20026BC07 /* Main.storyboard */; };
/* End PBXBuildFile section */

/* Begin PBXFileReference section */
		78FF79CF1A5B0A8E009537EC /* AboutGame.app */ = {isa = PBXFileReference; explicitFileType = wrapper.application; includeInIndex = 0; path = AboutGame.app; sourceTree = BUILT_PRODUCTS_DIR; };
		78FF79D31A5B0A8E009537EC /* Info.plist */ = {isa = PBXFileReference; lastKnownFileType = text.plist.xml; path = Info.plist; sourceTree = "<group>"; };
		78FF79D41A5B0A8E009537EC /* AppDelegate.swift */ = {isa = PBXFileReference; lastKnownFileType = sourcecode.swift; path = AppDelegate.swift; sourceTree = "<group>"; };
		78FF79D61A5B0A8E009537EC /* ViewController.swift */ = {isa = PBXFileReference; lastKnownFileType = sourcecode.swift; path = ViewController.swift; sourceTree = "<group>"; };
		78FF79DE1A5B0A8E009537EC /* Base */ = {isa = PBXFileReference; lastKnownFileType = file.xib; name = Base; path = Base.lproj/LaunchScreen.xib; sourceTree = "<group>"; };
		78FF79F41A5B0BA7009537EC /* Images.xcassets */ = {isa = PBXFileReference; lastKnownFileType = folder.assetcatalog; path = Images.xcassets; sourceTree = "<group>"; };
		78FF79F61A5B0BD9009537EC /* CircleImageView.swift */ = {isa = PBXFileReference; fileEncoding = 4; lastKnownFileType = sourcecode.swift; path = CircleImageView.swift; sourceTree = "<group>"; };
		D34ADC761F69A6A20026BC07 /* Main.storyboard */ = {isa = PBXFileReference; lastKnownFileType = file.storyboard; path = Main.storyboard; sourceTree = "<group>"; };
/* End PBXFileReference section */

/* Begin PBXFrameworksBuildPhase section */
		78FF79CC1A5B0A8E009537EC /* Frameworks */ = {
			isa = PBXFrameworksBuildPhase;
			buildActionMask = 2147483647;
			files = (
			);
			runOnlyForDeploymentPostprocessing = 0;
		};
/* End PBXFrameworksBuildPhase section */

/* Begin PBXGroup section */
		78FF79C61A5B0A8E009537EC = {
			isa = PBXGroup;
			children = (
				78FF79D11A5B0A8E009537EC /* AboutGame */,
				78FF79D01A5B0A8E009537EC /* Products */,
			);
			sourceTree = "<group>";
		};
		78FF79D01A5B0A8E009537EC /* Products */ = {
			isa = PBXGroup;
			children = (
				78FF79CF1A5B0A8E009537EC /* AboutGame.app */,
			);
			name = Products;
			sourceTree = "<group>";
		};
		78FF79D11A5B0A8E009537EC /* AboutGame */ = {
			isa = PBXGroup;
			children = (
				D34ADC761F69A6A20026BC07 /* Main.storyboard */,
				78FF79D41A5B0A8E009537EC /* AppDelegate.swift */,
				78FF79D61A5B0A8E009537EC /* ViewController.swift */,
				78FF79F61A5B0BD9009537EC /* CircleImageView.swift */,
				78FF79DD1A5B0A8E009537EC /* LaunchScreen.xib */,
				78FF79F41A5B0BA7009537EC /* Images.xcassets */,
				78FF79D21A5B0A8E009537EC /* Supporting Files */,
			);
			path = AboutGame;
			sourceTree = "<group>";
		};
		78FF79D21A5B0A8E009537EC /* Supporting Files */ = {
			isa = PBXGroup;
			children = (
				78FF79D31A5B0A8E009537EC /* Info.plist */,
			);
			name = "Supporting Files";
			sourceTree = "<group>";
		};
/* End PBXGroup section */

/* Begin PBXNativeTarget section */
		78FF79CE1A5B0A8E009537EC /* AboutGame */ = {
			isa = PBXNativeTarget;
			buildConfigurationList = 78FF79EE1A5B0A8E009537EC /* Build configuration list for PBXNativeTarget "AboutGame" */;
			buildPhases = (
				78FF79CB1A5B0A8E009537EC /* Sources */,
				78FF79CC1A5B0A8E009537EC /* Frameworks */,
				78FF79CD1A5B0A8E009537EC /* Resources */,
			);
			buildRules = (
			);
			dependencies = (
			);
			name = AboutGame;
			productName = AboutGame;
			productReference = 78FF79CF1A5B0A8E009537EC /* AboutGame.app */;
			productType = "com.apple.product-type.application";
		};
/* End PBXNativeTarget section */

/* Begin PBXProject section */
		78FF79C71A5B0A8E009537EC /* Project object */ = {
			isa = PBXProject;
			attributes = {
				LastUpgradeCheck = 0900;
				ORGANIZATIONNAME = "Razeware LLC";
				TargetAttributes = {
					78FF79CE1A5B0A8E009537EC = {
						CreatedOnToolsVersion = 6.1.1;
						LastSwiftMigration = 0900;
					};
				};
			};
			buildConfigurationList = 78FF79CA1A5B0A8E009537EC /* Build configuration list for PBXProject "AboutGame" */;
			compatibilityVersion = "Xcode 3.2";
			developmentRegion = English;
			hasScannedForEncodings = 0;
			knownRegions = (
				en,
				Base,
			);
			mainGroup = 78FF79C61A5B0A8E009537EC;
			productRefGroup = 78FF79D01A5B0A8E009537EC /* Products */;
			projectDirPath = "";
			projectRoot = "";
			targets = (
				78FF79CE1A5B0A8E009537EC /* AboutGame */,
			);
		};
/* End PBXProject section */

/* Begin PBXResourcesBuildPhase section */
		78FF79CD1A5B0A8E009537EC /* Resources */ = {
			isa = PBXResourcesBuildPhase;
			buildActionMask = 2147483647;
			files = (
				D31AD03C1F69A85D00F97B70 /* Main.storyboard in Resources */,
				78FF79F51A5B0BA7009537EC /* Images.xcassets in Resources */,
				78FF79DF1A5B0A8E009537EC /* LaunchScreen.xib in Resources */,
			);
			runOnlyForDeploymentPostprocessing = 0;
		};
/* End PBXResourcesBuildPhase section */

/* Begin PBXSourcesBuildPhase section */
		78FF79CB1A5B0A8E009537EC /* Sources */ = {
			isa = PBXSourcesBuildPhase;
			buildActionMask = 2147483647;
			files = (
				78FF79D71A5B0A8E009537EC /* ViewController.swift in Sources */,
				78FF79F71A5B0BD9009537EC /* CircleImageView.swift in Sources */,
				78FF79D51A5B0A8E009537EC /* AppDelegate.swift in Sources */,
			);
			runOnlyForDeploymentPostprocessing = 0;
		};
/* End PBXSourcesBuildPhase section */

/* Begin PBXVariantGroup section */
		78FF79DD1A5B0A8E009537EC /* LaunchScreen.xib */ = {
			isa = PBXVariantGroup;
			children = (
				78FF79DE1A5B0A8E009537EC /* Base */,
			);
			name = LaunchScreen.xib;
			sourceTree = "<group>";
		};
/* End PBXVariantGroup section */

/* Begin XCBuildConfiguration section */
		78FF79EC1A5B0A8E009537EC /* Debug */ = {
			isa = XCBuildConfiguration;
			buildSettings = {
				ALWAYS_SEARCH_USER_PATHS = NO;
				CLANG_CXX_LANGUAGE_STANDARD = "gnu++0x";
				CLANG_CXX_LIBRARY = "libc++";
				CLANG_ENABLE_MODULES = YES;
				CLANG_ENABLE_OBJC_ARC = YES;
				CLANG_WARN_BLOCK_CAPTURE_AUTORELEASING = YES;
				CLANG_WARN_BOOL_CONVERSION = YES;
				CLANG_WARN_COMMA = YES;
				CLANG_WARN_CONSTANT_CONVERSION = YES;
				CLANG_WARN_DIRECT_OBJC_ISA_USAGE = YES_ERROR;
				CLANG_WARN_EMPTY_BODY = YES;
				CLANG_WARN_ENUM_CONVERSION = YES;
				CLANG_WARN_INFINITE_RECURSION = YES;
				CLANG_WARN_INT_CONVERSION = YES;
				CLANG_WARN_NON_LITERAL_NULL_CONVERSION = YES;
				CLANG_WARN_OBJC_LITERAL_CONVERSION = YES;
				CLANG_WARN_OBJC_ROOT_CLASS = YES_ERROR;
				CLANG_WARN_RANGE_LOOP_ANALYSIS = YES;
				CLANG_WARN_STRICT_PROTOTYPES = YES;
				CLANG_WARN_SUSPICIOUS_MOVE = YES;
				CLANG_WARN_UNREACHABLE_CODE = YES;
				CLANG_WARN__DUPLICATE_METHOD_MATCH = YES;
				"CODE_SIGN_IDENTITY[sdk=iphoneos*]" = "iPhone Developer";
				COPY_PHASE_STRIP = NO;
				ENABLE_STRICT_OBJC_MSGSEND = YES;
				ENABLE_TESTABILITY = YES;
				GCC_C_LANGUAGE_STANDARD = gnu99;
				GCC_DYNAMIC_NO_PIC = NO;
				GCC_NO_COMMON_BLOCKS = YES;
				GCC_OPTIMIZATION_LEVEL = 0;
				GCC_PREPROCESSOR_DEFINITIONS = (
					"DEBUG=1",
					"$(inherited)",
				);
				GCC_SYMBOLS_PRIVATE_EXTERN = NO;
				GCC_WARN_64_TO_32_BIT_CONVERSION = YES;
				GCC_WARN_ABOUT_RETURN_TYPE = YES_ERROR;
				GCC_WARN_UNDECLARED_SELECTOR = YES;
				GCC_WARN_UNINITIALIZED_AUTOS = YES_AGGRESSIVE;
				GCC_WARN_UNUSED_FUNCTION = YES;
				GCC_WARN_UNUSED_VARIABLE = YES;
				IPHONEOS_DEPLOYMENT_TARGET = 11.0;
				MTL_ENABLE_DEBUG_INFO = YES;
				ONLY_ACTIVE_ARCH = YES;
				SDKROOT = iphoneos;
				SWIFT_OPTIMIZATION_LEVEL = "-Onone";
			};
			name = Debug;
		};
		78FF79ED1A5B0A8E009537EC /* Release */ = {
			isa = XCBuildConfiguration;
			buildSettings = {
				ALWAYS_SEARCH_USER_PATHS = NO;
				CLANG_CXX_LANGUAGE_STANDARD = "gnu++0x";
				CLANG_CXX_LIBRARY = "libc++";
				CLANG_ENABLE_MODULES = YES;
				CLANG_ENABLE_OBJC_ARC = YES;
				CLANG_WARN_BLOCK_CAPTURE_AUTORELEASING = YES;
				CLANG_WARN_BOOL_CONVERSION = YES;
				CLANG_WARN_COMMA = YES;
				CLANG_WARN_CONSTANT_CONVERSION = YES;
				CLANG_WARN_DIRECT_OBJC_ISA_USAGE = YES_ERROR;
				CLANG_WARN_EMPTY_BODY = YES;
				CLANG_WARN_ENUM_CONVERSION = YES;
				CLANG_WARN_INFINITE_RECURSION = YES;
				CLANG_WARN_INT_CONVERSION = YES;
				CLANG_WARN_NON_LITERAL_NULL_CONVERSION = YES;
				CLANG_WARN_OBJC_LITERAL_CONVERSION = YES;
				CLANG_WARN_OBJC_ROOT_CLASS = YES_ERROR;
				CLANG_WARN_RANGE_LOOP_ANALYSIS = YES;
				CLANG_WARN_STRICT_PROTOTYPES = YES;
				CLANG_WARN_SUSPICIOUS_MOVE = YES;
				CLANG_WARN_UNREACHABLE_CODE = YES;
				CLANG_WARN__DUPLICATE_METHOD_MATCH = YES;
				"CODE_SIGN_IDENTITY[sdk=iphoneos*]" = "iPhone Developer";
				COPY_PHASE_STRIP = YES;
				ENABLE_NS_ASSERTIONS = NO;
				ENABLE_STRICT_OBJC_MSGSEND = YES;
				GCC_C_LANGUAGE_STANDARD = gnu99;
				GCC_NO_COMMON_BLOCKS = YES;
				GCC_WARN_64_TO_32_BIT_CONVERSION = YES;
				GCC_WARN_ABOUT_RETURN_TYPE = YES_ERROR;
				GCC_WARN_UNDECLARED_SELECTOR = YES;
				GCC_WARN_UNINITIALIZED_AUTOS = YES_AGGRESSIVE;
				GCC_WARN_UNUSED_FUNCTION = YES;
				GCC_WARN_UNUSED_VARIABLE = YES;
				IPHONEOS_DEPLOYMENT_TARGET = 11.0;
				MTL_ENABLE_DEBUG_INFO = NO;
				SDKROOT = iphoneos;
				SWIFT_OPTIMIZATION_LEVEL = "-Owholemodule";
				VALIDATE_PRODUCT = YES;
			};
			name = Release;
		};
		78FF79EF1A5B0A8E009537EC /* Debug */ = {
			isa = XCBuildConfiguration;
			buildSettings = {
				ASSETCATALOG_COMPILER_APPICON_NAME = AppIcon;
				INFOPLIST_FILE = AboutGame/Info.plist;
				LD_RUNPATH_SEARCH_PATHS = "$(inherited) @executable_path/Frameworks";
				PRODUCT_BUNDLE_IDENTIFIER = "com.razeware.$(PRODUCT_NAME:rfc1034identifier)";
				PRODUCT_NAME = "$(TARGET_NAME)";
				SWIFT_SWIFT3_OBJC_INFERENCE = Default;
				SWIFT_VERSION = 4.0;
			};
			name = Debug;
		};
		78FF79F01A5B0A8E009537EC /* Release */ = {
			isa = XCBuildConfiguration;
			buildSettings = {
				ASSETCATALOG_COMPILER_APPICON_NAME = AppIcon;
				INFOPLIST_FILE = AboutGame/Info.plist;
				LD_RUNPATH_SEARCH_PATHS = "$(inherited) @executable_path/Frameworks";
				PRODUCT_BUNDLE_IDENTIFIER = "com.razeware.$(PRODUCT_NAME:rfc1034identifier)";
				PRODUCT_NAME = "$(TARGET_NAME)";
				SWIFT_SWIFT3_OBJC_INFERENCE = Default;
				SWIFT_VERSION = 4.0;
			};
			name = Release;
		};
/* End XCBuildConfiguration section */

/* Begin XCConfigurationList section */
		78FF79CA1A5B0A8E009537EC /* Build configuration list for PBXProject "AboutGame" */ = {
			isa = XCConfigurationList;
			buildConfigurations = (
				78FF79EC1A5B0A8E009537EC /* Debug */,
				78FF79ED1A5B0A8E009537EC /* Release */,
			);
			defaultConfigurationIsVisible = 0;
			defaultConfigurationName = Release;
		};
		78FF79EE1A5B0A8E009537EC /* Build configuration list for PBXNativeTarget "AboutGame" */ = {
			isa = XCConfigurationList;
			buildConfigurations = (
				78FF79EF1A5B0A8E009537EC /* Debug */,
				78FF79F01A5B0A8E009537EC /* Release */,
			);
			defaultConfigurationIsVisible = 0;
			defaultConfigurationName = Release;
		};
/* End XCConfigurationList section */
	};
	rootObject = 78FF79C71A5B0A8E009537EC /* Project object */;
}
