// !$*UTF8*$!
{
	archiveVersion = 1;
	classes = {
	};
	objectVersion = 46;
	objects = {

/* Begin PBXBuildFile section */
		CFC1720E1A7055AA004CEA9B /* AppDelegate.swift in Sources */ = {isa = PBXBuildFile; fileRef = CFC1720D1A7055AA004CEA9B /* AppDelegate.swift */; };
		CFC172101A7055AA004CEA9B /* ViewController.swift in Sources */ = {isa = PBXBuildFile; fileRef = CFC1720F1A7055AA004CEA9B /* ViewController.swift */; };
		CFC172131A7055AA004CEA9B /* Main.storyboard in Resources */ = {isa = PBXBuildFile; fileRef = CFC172111A7055AA004CEA9B /* Main.storyboard */; };
		CFC172151A7055AA004CEA9B /* Images.xcassets in Resources */ = {isa = PBXBuildFile; fileRef = CFC172141A7055AA004CEA9B /* Images.xcassets */; };
		CFC172181A7055AA004CEA9B /* LaunchScreen.xib in Resources */ = {isa = PBXBuildFile; fileRef = CFC172161A7055AA004CEA9B /* LaunchScreen.xib */; };
/* End PBXBuildFile section */

/* Begin PBXFileReference section */
		CFC172081A7055AA004CEA9B /* AutoLayout_Challenge4.app */ = {isa = PBXFileReference; explicitFileType = wrapper.application; includeInIndex = 0; path = AutoLayout_Challenge4.app; sourceTree = BUILT_PRODUCTS_DIR; };
		CFC1720C1A7055AA004CEA9B /* Info.plist */ = {isa = PBXFileReference; lastKnownFileType = text.plist.xml; path = Info.plist; sourceTree = "<group>"; };
		CFC1720D1A7055AA004CEA9B /* AppDelegate.swift */ = {isa = PBXFileReference; lastKnownFileType = sourcecode.swift; path = AppDelegate.swift; sourceTree = "<group>"; };
		CFC1720F1A7055AA004CEA9B /* ViewController.swift */ = {isa = PBXFileReference; lastKnownFileType = sourcecode.swift; path = ViewController.swift; sourceTree = "<group>"; };
		CFC172121A7055AA004CEA9B /* Base */ = {isa = PBXFileReference; lastKnownFileType = file.storyboard; name = Base; path = Base.lproj/Main.storyboard; sourceTree = "<group>"; };
		CFC172141A7055AA004CEA9B /* Images.xcassets */ = {isa = PBXFileReference; lastKnownFileType = folder.assetcatalog; path = Images.xcassets; sourceTree = "<group>"; };
		CFC172171A7055AA004CEA9B /* Base */ = {isa = PBXFileReference; lastKnownFileType = file.xib; name = Base; path = Base.lproj/LaunchScreen.xib; sourceTree = "<group>"; };
/* End PBXFileReference section */

/* Begin PBXFrameworksBuildPhase section */
		CFC172051A7055AA004CEA9B /* Frameworks */ = {
			isa = PBXFrameworksBuildPhase;
			buildActionMask = 2147483647;
			files = (
			);
			runOnlyForDeploymentPostprocessing = 0;
		};
/* End PBXFrameworksBuildPhase section */

/* Begin PBXGroup section */
		CFC171FF1A7055AA004CEA9B = {
			isa = PBXGroup;
			children = (
				CFC1720A1A7055AA004CEA9B /* AutoLayout_Challenge4 */,
				CFC172091A7055AA004CEA9B /* Products */,
			);
			sourceTree = "<group>";
		};
		CFC172091A7055AA004CEA9B /* Products */ = {
			isa = PBXGroup;
			children = (
				CFC172081A7055AA004CEA9B /* AutoLayout_Challenge4.app */,
			);
			name = Products;
			sourceTree = "<group>";
		};
		CFC1720A1A7055AA004CEA9B /* AutoLayout_Challenge4 */ = {
			isa = PBXGroup;
			children = (
				CFC1720D1A7055AA004CEA9B /* AppDelegate.swift */,
				CFC1720F1A7055AA004CEA9B /* ViewController.swift */,
				CFC172111A7055AA004CEA9B /* Main.storyboard */,
				CFC172141A7055AA004CEA9B /* Images.xcassets */,
				CFC172161A7055AA004CEA9B /* LaunchScreen.xib */,
				CFC1720B1A7055AA004CEA9B /* Supporting Files */,
			);
			path = AutoLayout_Challenge4;
			sourceTree = "<group>";
		};
		CFC1720B1A7055AA004CEA9B /* Supporting Files */ = {
			isa = PBXGroup;
			children = (
				CFC1720C1A7055AA004CEA9B /* Info.plist */,
			);
			name = "Supporting Files";
			sourceTree = "<group>";
		};
/* End PBXGroup section */

/* Begin PBXNativeTarget section */
		CFC172071A7055AA004CEA9B /* AutoLayout_Challenge4 */ = {
			isa = PBXNativeTarget;
			buildConfigurationList = CFC172271A7055AA004CEA9B /* Build configuration list for PBXNativeTarget "AutoLayout_Challenge4" */;
			buildPhases = (
				CFC172041A7055AA004CEA9B /* Sources */,
				CFC172051A7055AA004CEA9B /* Frameworks */,
				CFC172061A7055AA004CEA9B /* Resources */,
			);
			buildRules = (
			);
			dependencies = (
			);
			name = AutoLayout_Challenge4;
			productName = AutoLayout_Challenge4;
			productReference = CFC172081A7055AA004CEA9B /* AutoLayout_Challenge4.app */;
			productType = "com.apple.product-type.application";
		};
/* End PBXNativeTarget section */

/* Begin PBXProject section */
		CFC172001A7055AA004CEA9B /* Project object */ = {
			isa = PBXProject;
			attributes = {
				LastSwiftUpdateCheck = 0700;
				LastUpgradeCheck = 0700;
				ORGANIZATIONNAME = Razeware;
				TargetAttributes = {
					CFC172071A7055AA004CEA9B = {
						CreatedOnToolsVersion = 6.1.1;
					};
				};
			};
			buildConfigurationList = CFC172031A7055AA004CEA9B /* Build configuration list for PBXProject "AutoLayout_Challenge4" */;
			compatibilityVersion = "Xcode 3.2";
			developmentRegion = English;
			hasScannedForEncodings = 0;
			knownRegions = (
				en,
				Base,
			);
			mainGroup = CFC171FF1A7055AA004CEA9B;
			productRefGroup = CFC172091A7055AA004CEA9B /* Products */;
			projectDirPath = "";
			projectRoot = "";
			targets = (
				CFC172071A7055AA004CEA9B /* AutoLayout_Challenge4 */,
			);
		};
/* End PBXProject section */

/* Begin PBXResourcesBuildPhase section */
		CFC172061A7055AA004CEA9B /* Resources */ = {
			isa = PBXResourcesBuildPhase;
			buildActionMask = 2147483647;
			files = (
				CFC172131A7055AA004CEA9B /* Main.storyboard in Resources */,
				CFC172181A7055AA004CEA9B /* LaunchScreen.xib in Resources */,
				CFC172151A7055AA004CEA9B /* Images.xcassets in Resources */,
			);
			runOnlyForDeploymentPostprocessing = 0;
		};
/* End PBXResourcesBuildPhase section */

/* Begin PBXSourcesBuildPhase section */
		CFC172041A7055AA004CEA9B /* Sources */ = {
			isa = PBXSourcesBuildPhase;
			buildActionMask = 2147483647;
			files = (
				CFC172101A7055AA004CEA9B /* ViewController.swift in Sources */,
				CFC1720E1A7055AA004CEA9B /* AppDelegate.swift in Sources */,
			);
			runOnlyForDeploymentPostprocessing = 0;
		};
/* End PBXSourcesBuildPhase section */

/* Begin PBXVariantGroup section */
		CFC172111A7055AA004CEA9B /* Main.storyboard */ = {
			isa = PBXVariantGroup;
			children = (
				CFC172121A7055AA004CEA9B /* Base */,
			);
			name = Main.storyboard;
			sourceTree = "<group>";
		};
		CFC172161A7055AA004CEA9B /* LaunchScreen.xib */ = {
			isa = PBXVariantGroup;
			children = (
				CFC172171A7055AA004CEA9B /* Base */,
			);
			name = LaunchScreen.xib;
			sourceTree = "<group>";
		};
/* End PBXVariantGroup section */

/* Begin XCBuildConfiguration section */
		CFC172251A7055AA004CEA9B /* Debug */ = {
			isa = XCBuildConfiguration;
			buildSettings = {
				ALWAYS_SEARCH_USER_PATHS = NO;
				CLANG_CXX_LANGUAGE_STANDARD = "gnu++0x";
				CLANG_CXX_LIBRARY = "libc++";
				CLANG_ENABLE_MODULES = YES;
				CLANG_ENABLE_OBJC_ARC = YES;
				CLANG_WARN_BOOL_CONVERSION = YES;
				CLANG_WARN_CONSTANT_CONVERSION = YES;
				CLANG_WARN_DIRECT_OBJC_ISA_USAGE = YES_ERROR;
				CLANG_WARN_EMPTY_BODY = YES;
				CLANG_WARN_ENUM_CONVERSION = YES;
				CLANG_WARN_INT_CONVERSION = YES;
				CLANG_WARN_OBJC_ROOT_CLASS = YES_ERROR;
				CLANG_WARN_UNREACHABLE_CODE = YES;
				CLANG_WARN__DUPLICATE_METHOD_MATCH = YES;
				"CODE_SIGN_IDENTITY[sdk=iphoneos*]" = "iPhone Developer";
				COPY_PHASE_STRIP = NO;
				ENABLE_STRICT_OBJC_MSGSEND = YES;
				ENABLE_TESTABILITY = YES;
				GCC_C_LANGUAGE_STANDARD = gnu99;
				GCC_DYNAMIC_NO_PIC = NO;
				GCC_OPTIMIZATION_LEVEL = 0;
				GCC_PREPROCESSOR_DEFINITIONS = (
					"DEBUG=1",
					"$(inherited)",
				);
				GCC_SYMBOLS_PRIVATE_EXTERN = NO;
				GCC_WARN_64_TO_32_BIT_CONVERSION = YES;
				GCC_WARN_ABOUT_RETURN_TYPE = YES_ERROR;
				GCC_WARN_UNDECLARED_SELECTOR = YES;
				GCC_WARN_UNINITIALIZED_AUTOS = YES_AGGRESSIVE;
				GCC_WARN_UNUSED_FUNCTION = YES;
				GCC_WARN_UNUSED_VARIABLE = YES;
				IPHONEOS_DEPLOYMENT_TARGET = 9.0;
				MTL_ENABLE_DEBUG_INFO = YES;
				ONLY_ACTIVE_ARCH = YES;
				SDKROOT = iphoneos;
				SWIFT_OPTIMIZATION_LEVEL = "-Onone";
			};
			name = Debug;
		};
		CFC172261A7055AA004CEA9B /* Release */ = {
			isa = XCBuildConfiguration;
			buildSettings = {
				ALWAYS_SEARCH_USER_PATHS = NO;
				CLANG_CXX_LANGUAGE_STANDARD = "gnu++0x";
				CLANG_CXX_LIBRARY = "libc++";
				CLANG_ENABLE_MODULES = YES;
				CLANG_ENABLE_OBJC_ARC = YES;
				CLANG_WARN_BOOL_CONVERSION = YES;
				CLANG_WARN_CONSTANT_CONVERSION = YES;
				CLANG_WARN_DIRECT_OBJC_ISA_USAGE = YES_ERROR;
				CLANG_WARN_EMPTY_BODY = YES;
				CLANG_WARN_ENUM_CONVERSION = YES;
				CLANG_WARN_INT_CONVERSION = YES;
				CLANG_WARN_OBJC_ROOT_CLASS = YES_ERROR;
				CLANG_WARN_UNREACHABLE_CODE = YES;
				CLANG_WARN__DUPLICATE_METHOD_MATCH = YES;
				"CODE_SIGN_IDENTITY[sdk=iphoneos*]" = "iPhone Developer";
				COPY_PHASE_STRIP = YES;
				ENABLE_NS_ASSERTIONS = NO;
				ENABLE_STRICT_OBJC_MSGSEND = YES;
				GCC_C_LANGUAGE_STANDARD = gnu99;
				GCC_WARN_64_TO_32_BIT_CONVERSION = YES;
				GCC_WARN_ABOUT_RETURN_TYPE = YES_ERROR;
				GCC_WARN_UNDECLARED_SELECTOR = YES;
				GCC_WARN_UNINITIALIZED_AUTOS = YES_AGGRESSIVE;
				GCC_WARN_UNUSED_FUNCTION = YES;
				GCC_WARN_UNUSED_VARIABLE = YES;
				IPHONEOS_DEPLOYMENT_TARGET = 9.0;
				MTL_ENABLE_DEBUG_INFO = NO;
				SDKROOT = iphoneos;
				VALIDATE_PRODUCT = YES;
			};
			name = Release;
		};
		CFC172281A7055AA004CEA9B /* Debug */ = {
			isa = XCBuildConfiguration;
			buildSettings = {
				ASSETCATALOG_COMPILER_APPICON_NAME = AppIcon;
				INFOPLIST_FILE = AutoLayout_Challenge4/Info.plist;
				LD_RUNPATH_SEARCH_PATHS = "$(inherited) @executable_path/Frameworks";
				PRODUCT_BUNDLE_IDENTIFIER = "com.razeware.$(PRODUCT_NAME:rfc1034identifier)";
				PRODUCT_NAME = "$(TARGET_NAME)";
			};
			name = Debug;
		};
		CFC172291A7055AA004CEA9B /* Release */ = {
			isa = XCBuildConfiguration;
			buildSettings = {
				ASSETCATALOG_COMPILER_APPICON_NAME = AppIcon;
				INFOPLIST_FILE = AutoLayout_Challenge4/Info.plist;
				LD_RUNPATH_SEARCH_PATHS = "$(inherited) @executable_path/Frameworks";
				PRODUCT_BUNDLE_IDENTIFIER = "com.razeware.$(PRODUCT_NAME:rfc1034identifier)";
				PRODUCT_NAME = "$(TARGET_NAME)";
			};
			name = Release;
		};
/* End XCBuildConfiguration section */

/* Begin XCConfigurationList section */
		CFC172031A7055AA004CEA9B /* Build configuration list for PBXProject "AutoLayout_Challenge4" */ = {
			isa = XCConfigurationList;
			buildConfigurations = (
				CFC172251A7055AA004CEA9B /* Debug */,
				CFC172261A7055AA004CEA9B /* Release */,
			);
			defaultConfigurationIsVisible = 0;
			defaultConfigurationName = Release;
		};
		CFC172271A7055AA004CEA9B /* Build configuration list for PBXNativeTarget "AutoLayout_Challenge4" */ = {
			isa = XCConfigurationList;
			buildConfigurations = (
				CFC172281A7055AA004CEA9B /* Debug */,
				CFC172291A7055AA004CEA9B /* Release */,
			);
			defaultConfigurationIsVisible = 0;
			defaultConfigurationName = Release;
		};
/* End XCConfigurationList section */
	};
	rootObject = CFC172001A7055AA004CEA9B /* Project object */;
}
